// !$*UTF8*$!
{
	archiveVersion = 1;
	classes = {
	};
	objectVersion = 56;
	objects = {

/* Begin PBXBuildFile section */
		6CA473842B71A2EB00471CD2 /* AppDelegate.swift in Sources */ = {isa = PBXBuildFile; fileRef = 6CA473832B71A2EB00471CD2 /* AppDelegate.swift */; };
		6CA473862B71A2EB00471CD2 /* SceneDelegate.swift in Sources */ = {isa = PBXBuildFile; fileRef = 6CA473852B71A2EB00471CD2 /* SceneDelegate.swift */; };
		6CA4738B2B71A2EB00471CD2 /* Main.storyboard in Resources */ = {isa = PBXBuildFile; fileRef = 6CA473892B71A2EB00471CD2 /* Main.storyboard */; };
		6CA4738E2B71A2EB00471CD2 /* TaskListWithRealm.xcdatamodeld in Sources */ = {isa = PBXBuildFile; fileRef = 6CA4738C2B71A2EB00471CD2 /* TaskListWithRealm.xcdatamodeld */; };
		6CA473902B71A2ED00471CD2 /* Assets.xcassets in Resources */ = {isa = PBXBuildFile; fileRef = 6CA4738F2B71A2ED00471CD2 /* Assets.xcassets */; };
		6CA473932B71A2ED00471CD2 /* LaunchScreen.storyboard in Resources */ = {isa = PBXBuildFile; fileRef = 6CA473912B71A2ED00471CD2 /* LaunchScreen.storyboard */; };
		6CA4739C2B71A3A300471CD2 /* Realm in Frameworks */ = {isa = PBXBuildFile; productRef = 6CA4739B2B71A3A300471CD2 /* Realm */; };
		6CA4739E2B71A3A300471CD2 /* RealmSwift in Frameworks */ = {isa = PBXBuildFile; productRef = 6CA4739D2B71A3A300471CD2 /* RealmSwift */; };
		6CA473A02B71A63000471CD2 /* TaskListViewController.swift in Sources */ = {isa = PBXBuildFile; fileRef = 6CA4739F2B71A63000471CD2 /* TaskListViewController.swift */; };
		6CA473A22B71A6E300471CD2 /* AlertControllerBuilder.swift in Sources */ = {isa = PBXBuildFile; fileRef = 6CA473A12B71A6E300471CD2 /* AlertControllerBuilder.swift */; };
		6CA473A42B71A7A400471CD2 /* TaskViewController.swift in Sources */ = {isa = PBXBuildFile; fileRef = 6CA473A32B71A7A400471CD2 /* TaskViewController.swift */; };
		6CA473A62B71A7E700471CD2 /* Extension + UITableViewCell.swift in Sources */ = {isa = PBXBuildFile; fileRef = 6CA473A52B71A7E700471CD2 /* Extension + UITableViewCell.swift */; };
		6CA473A82B71A81200471CD2 /* TaskList.swift in Sources */ = {isa = PBXBuildFile; fileRef = 6CA473A72B71A81200471CD2 /* TaskList.swift */; };
		6CA473AA2B71A83200471CD2 /* DataManager.swift in Sources */ = {isa = PBXBuildFile; fileRef = 6CA473A92B71A83200471CD2 /* DataManager.swift */; };
		6CA473AC2B71A85200471CD2 /* StorageManager.swift in Sources */ = {isa = PBXBuildFile; fileRef = 6CA473AB2B71A85200471CD2 /* StorageManager.swift */; };
/* End PBXBuildFile section */

/* Begin PBXFileReference section */
		6CA473802B71A2EB00471CD2 /* TaskListWithRealm.app */ = {isa = PBXFileReference; explicitFileType = wrapper.application; includeInIndex = 0; path = TaskListWithRealm.app; sourceTree = BUILT_PRODUCTS_DIR; };
		6CA473832B71A2EB00471CD2 /* AppDelegate.swift */ = {isa = PBXFileReference; lastKnownFileType = sourcecode.swift; path = AppDelegate.swift; sourceTree = "<group>"; };
		6CA473852B71A2EB00471CD2 /* SceneDelegate.swift */ = {isa = PBXFileReference; lastKnownFileType = sourcecode.swift; path = SceneDelegate.swift; sourceTree = "<group>"; };
		6CA4738A2B71A2EB00471CD2 /* Base */ = {isa = PBXFileReference; lastKnownFileType = file.storyboard; name = Base; path = Base.lproj/Main.storyboard; sourceTree = "<group>"; };
		6CA4738D2B71A2EB00471CD2 /* TaskListWithRealm.xcdatamodel */ = {isa = PBXFileReference; lastKnownFileType = wrapper.xcdatamodel; path = TaskListWithRealm.xcdatamodel; sourceTree = "<group>"; };
		6CA4738F2B71A2ED00471CD2 /* Assets.xcassets */ = {isa = PBXFileReference; lastKnownFileType = folder.assetcatalog; path = Assets.xcassets; sourceTree = "<group>"; };
		6CA473922B71A2ED00471CD2 /* Base */ = {isa = PBXFileReference; lastKnownFileType = file.storyboard; name = Base; path = Base.lproj/LaunchScreen.storyboard; sourceTree = "<group>"; };
		6CA473942B71A2ED00471CD2 /* Info.plist */ = {isa = PBXFileReference; lastKnownFileType = text.plist.xml; path = Info.plist; sourceTree = "<group>"; };
		6CA4739F2B71A63000471CD2 /* TaskListViewController.swift */ = {isa = PBXFileReference; lastKnownFileType = sourcecode.swift; path = TaskListViewController.swift; sourceTree = "<group>"; };
		6CA473A12B71A6E300471CD2 /* AlertControllerBuilder.swift */ = {isa = PBXFileReference; lastKnownFileType = sourcecode.swift; path = AlertControllerBuilder.swift; sourceTree = "<group>"; };
		6CA473A32B71A7A400471CD2 /* TaskViewController.swift */ = {isa = PBXFileReference; lastKnownFileType = sourcecode.swift; path = TaskViewController.swift; sourceTree = "<group>"; };
		6CA473A52B71A7E700471CD2 /* Extension + UITableViewCell.swift */ = {isa = PBXFileReference; lastKnownFileType = sourcecode.swift; path = "Extension + UITableViewCell.swift"; sourceTree = "<group>"; };
		6CA473A72B71A81200471CD2 /* TaskList.swift */ = {isa = PBXFileReference; lastKnownFileType = sourcecode.swift; path = TaskList.swift; sourceTree = "<group>"; };
		6CA473A92B71A83200471CD2 /* DataManager.swift */ = {isa = PBXFileReference; lastKnownFileType = sourcecode.swift; path = DataManager.swift; sourceTree = "<group>"; };
		6CA473AB2B71A85200471CD2 /* StorageManager.swift */ = {isa = PBXFileReference; lastKnownFileType = sourcecode.swift; path = StorageManager.swift; sourceTree = "<group>"; };
/* End PBXFileReference section */

/* Begin PBXFrameworksBuildPhase section */
		6CA4737D2B71A2EB00471CD2 /* Frameworks */ = {
			isa = PBXFrameworksBuildPhase;
			buildActionMask = 2147483647;
			files = (
				6CA4739E2B71A3A300471CD2 /* RealmSwift in Frameworks */,
				6CA4739C2B71A3A300471CD2 /* Realm in Frameworks */,
			);
			runOnlyForDeploymentPostprocessing = 0;
		};
/* End PBXFrameworksBuildPhase section */

/* Begin PBXGroup section */
		6CA473772B71A2EB00471CD2 = {
			isa = PBXGroup;
			children = (
				6CA473822B71A2EB00471CD2 /* TaskListWithRealm */,
				6CA473812B71A2EB00471CD2 /* Products */,
			);
			sourceTree = "<group>";
		};
		6CA473812B71A2EB00471CD2 /* Products */ = {
			isa = PBXGroup;
			children = (
				6CA473802B71A2EB00471CD2 /* TaskListWithRealm.app */,
			);
			name = Products;
			sourceTree = "<group>";
		};
		6CA473822B71A2EB00471CD2 /* TaskListWithRealm */ = {
			isa = PBXGroup;
			children = (
				6CA473832B71A2EB00471CD2 /* AppDelegate.swift */,
				6CA473852B71A2EB00471CD2 /* SceneDelegate.swift */,
				6CA473892B71A2EB00471CD2 /* Main.storyboard */,
				6CA4739F2B71A63000471CD2 /* TaskListViewController.swift */,
				6CA473A32B71A7A400471CD2 /* TaskViewController.swift */,
				6CA473A52B71A7E700471CD2 /* Extension + UITableViewCell.swift */,
				6CA473A72B71A81200471CD2 /* TaskList.swift */,
				6CA473A92B71A83200471CD2 /* DataManager.swift */,
				6CA473AB2B71A85200471CD2 /* StorageManager.swift */,
				6CA473A12B71A6E300471CD2 /* AlertControllerBuilder.swift */,
				6CA4738F2B71A2ED00471CD2 /* Assets.xcassets */,
				6CA473912B71A2ED00471CD2 /* LaunchScreen.storyboard */,
				6CA473942B71A2ED00471CD2 /* Info.plist */,
				6CA4738C2B71A2EB00471CD2 /* TaskListWithRealm.xcdatamodeld */,
			);
			path = TaskListWithRealm;
			sourceTree = "<group>";
		};
/* End PBXGroup section */

/* Begin PBXNativeTarget section */
		6CA4737F2B71A2EB00471CD2 /* TaskListWithRealm */ = {
			isa = PBXNativeTarget;
			buildConfigurationList = 6CA473972B71A2ED00471CD2 /* Build configuration list for PBXNativeTarget "TaskListWithRealm" */;
			buildPhases = (
				6CA4737C2B71A2EB00471CD2 /* Sources */,
				6CA4737D2B71A2EB00471CD2 /* Frameworks */,
				6CA4737E2B71A2EB00471CD2 /* Resources */,
			);
			buildRules = (
			);
			dependencies = (
			);
			name = TaskListWithRealm;
			packageProductDependencies = (
				6CA4739B2B71A3A300471CD2 /* Realm */,
				6CA4739D2B71A3A300471CD2 /* RealmSwift */,
			);
			productName = TaskListWithRealm;
			productReference = 6CA473802B71A2EB00471CD2 /* TaskListWithRealm.app */;
			productType = "com.apple.product-type.application";
		};
/* End PBXNativeTarget section */

/* Begin PBXProject section */
		6CA473782B71A2EB00471CD2 /* Project object */ = {
			isa = PBXProject;
			attributes = {
				BuildIndependentTargetsInParallel = 1;
				LastSwiftUpdateCheck = 1430;
				LastUpgradeCheck = 1430;
				TargetAttributes = {
					6CA4737F2B71A2EB00471CD2 = {
						CreatedOnToolsVersion = 14.3;
					};
				};
			};
			buildConfigurationList = 6CA4737B2B71A2EB00471CD2 /* Build configuration list for PBXProject "TaskListWithRealm" */;
			compatibilityVersion = "Xcode 14.0";
			developmentRegion = en;
			hasScannedForEncodings = 0;
			knownRegions = (
				en,
				Base,
			);
			mainGroup = 6CA473772B71A2EB00471CD2;
			packageReferences = (
				6CA4739A2B71A3A300471CD2 /* XCRemoteSwiftPackageReference "realm-swift" */,
			);
			productRefGroup = 6CA473812B71A2EB00471CD2 /* Products */;
			projectDirPath = "";
			projectRoot = "";
			targets = (
				6CA4737F2B71A2EB00471CD2 /* TaskListWithRealm */,
			);
		};
/* End PBXProject section */

/* Begin PBXResourcesBuildPhase section */
		6CA4737E2B71A2EB00471CD2 /* Resources */ = {
			isa = PBXResourcesBuildPhase;
			buildActionMask = 2147483647;
			files = (
				6CA473932B71A2ED00471CD2 /* LaunchScreen.storyboard in Resources */,
				6CA473902B71A2ED00471CD2 /* Assets.xcassets in Resources */,
				6CA4738B2B71A2EB00471CD2 /* Main.storyboard in Resources */,
			);
			runOnlyForDeploymentPostprocessing = 0;
		};
/* End PBXResourcesBuildPhase section */

/* Begin PBXSourcesBuildPhase section */
		6CA4737C2B71A2EB00471CD2 /* Sources */ = {
			isa = PBXSourcesBuildPhase;
			buildActionMask = 2147483647;
			files = (
				6CA473A82B71A81200471CD2 /* TaskList.swift in Sources */,
				6CA473842B71A2EB00471CD2 /* AppDelegate.swift in Sources */,
				6CA473A02B71A63000471CD2 /* TaskListViewController.swift in Sources */,
				6CA473A22B71A6E300471CD2 /* AlertControllerBuilder.swift in Sources */,
				6CA4738E2B71A2EB00471CD2 /* TaskListWithRealm.xcdatamodeld in Sources */,
				6CA473A62B71A7E700471CD2 /* Extension + UITableViewCell.swift in Sources */,
				6CA473862B71A2EB00471CD2 /* SceneDelegate.swift in Sources */,
				6CA473AC2B71A85200471CD2 /* StorageManager.swift in Sources */,
				6CA473AA2B71A83200471CD2 /* DataManager.swift in Sources */,
				6CA473A42B71A7A400471CD2 /* TaskViewController.swift in Sources */,
			);
			runOnlyForDeploymentPostprocessing = 0;
		};
/* End PBXSourcesBuildPhase section */

/* Begin PBXVariantGroup section */
		6CA473892B71A2EB00471CD2 /* Main.storyboard */ = {
			isa = PBXVariantGroup;
			children = (
				6CA4738A2B71A2EB00471CD2 /* Base */,
			);
			name = Main.storyboard;
			sourceTree = "<group>";
		};
		6CA473912B71A2ED00471CD2 /* LaunchScreen.storyboard */ = {
			isa = PBXVariantGroup;
			children = (
				6CA473922B71A2ED00471CD2 /* Base */,
			);
			name = LaunchScreen.storyboard;
			sourceTree = "<group>";
		};
/* End PBXVariantGroup section */

/* Begin XCBuildConfiguration section */
		6CA473952B71A2ED00471CD2 /* Debug */ = {
			isa = XCBuildConfiguration;
			buildSettings = {
				ALWAYS_SEARCH_USER_PATHS = NO;
				CLANG_ANALYZER_NONNULL = YES;
				CLANG_ANALYZER_NUMBER_OBJECT_CONVERSION = YES_AGGRESSIVE;
				CLANG_CXX_LANGUAGE_STANDARD = "gnu++20";
				CLANG_ENABLE_MODULES = YES;
				CLANG_ENABLE_OBJC_ARC = YES;
				CLANG_ENABLE_OBJC_WEAK = YES;
				CLANG_WARN_BLOCK_CAPTURE_AUTORELEASING = YES;
				CLANG_WARN_BOOL_CONVERSION = YES;
				CLANG_WARN_COMMA = YES;
				CLANG_WARN_CONSTANT_CONVERSION = YES;
				CLANG_WARN_DEPRECATED_OBJC_IMPLEMENTATIONS = YES;
				CLANG_WARN_DIRECT_OBJC_ISA_USAGE = YES_ERROR;
				CLANG_WARN_DOCUMENTATION_COMMENTS = YES;
				CLANG_WARN_EMPTY_BODY = YES;
				CLANG_WARN_ENUM_CONVERSION = YES;
				CLANG_WARN_INFINITE_RECURSION = YES;
				CLANG_WARN_INT_CONVERSION = YES;
				CLANG_WARN_NON_LITERAL_NULL_CONVERSION = YES;
				CLANG_WARN_OBJC_IMPLICIT_RETAIN_SELF = YES;
				CLANG_WARN_OBJC_LITERAL_CONVERSION = YES;
				CLANG_WARN_OBJC_ROOT_CLASS = YES_ERROR;
				CLANG_WARN_QUOTED_INCLUDE_IN_FRAMEWORK_HEADER = YES;
				CLANG_WARN_RANGE_LOOP_ANALYSIS = YES;
				CLANG_WARN_STRICT_PROTOTYPES = YES;
				CLANG_WARN_SUSPICIOUS_MOVE = YES;
				CLANG_WARN_UNGUARDED_AVAILABILITY = YES_AGGRESSIVE;
				CLANG_WARN_UNREACHABLE_CODE = YES;
				CLANG_WARN__DUPLICATE_METHOD_MATCH = YES;
				COPY_PHASE_STRIP = NO;
				DEBUG_INFORMATION_FORMAT = dwarf;
				ENABLE_STRICT_OBJC_MSGSEND = YES;
				ENABLE_TESTABILITY = YES;
				GCC_C_LANGUAGE_STANDARD = gnu11;
				GCC_DYNAMIC_NO_PIC = NO;
				GCC_NO_COMMON_BLOCKS = YES;
				GCC_OPTIMIZATION_LEVEL = 0;
				GCC_PREPROCESSOR_DEFINITIONS = (
					"DEBUG=1",
					"$(inherited)",
				);
				GCC_WARN_64_TO_32_BIT_CONVERSION = YES;
				GCC_WARN_ABOUT_RETURN_TYPE = YES_ERROR;
				GCC_WARN_UNDECLARED_SELECTOR = YES;
				GCC_WARN_UNINITIALIZED_AUTOS = YES_AGGRESSIVE;
				GCC_WARN_UNUSED_FUNCTION = YES;
				GCC_WARN_UNUSED_VARIABLE = YES;
				IPHONEOS_DEPLOYMENT_TARGET = 16.4;
				MTL_ENABLE_DEBUG_INFO = INCLUDE_SOURCE;
				MTL_FAST_MATH = YES;
				ONLY_ACTIVE_ARCH = YES;
				SDKROOT = iphoneos;
				SWIFT_ACTIVE_COMPILATION_CONDITIONS = DEBUG;
				SWIFT_OPTIMIZATION_LEVEL = "-Onone";
			};
			name = Debug;
		};
		6CA473962B71A2ED00471CD2 /* Release */ = {
			isa = XCBuildConfiguration;
			buildSettings = {
				ALWAYS_SEARCH_USER_PATHS = NO;
				CLANG_ANALYZER_NONNULL = YES;
				CLANG_ANALYZER_NUMBER_OBJECT_CONVERSION = YES_AGGRESSIVE;
				CLANG_CXX_LANGUAGE_STANDARD = "gnu++20";
				CLANG_ENABLE_MODULES = YES;
				CLANG_ENABLE_OBJC_ARC = YES;
				CLANG_ENABLE_OBJC_WEAK = YES;
				CLANG_WARN_BLOCK_CAPTURE_AUTORELEASING = YES;
				CLANG_WARN_BOOL_CONVERSION = YES;
				CLANG_WARN_COMMA = YES;
				CLANG_WARN_CONSTANT_CONVERSION = YES;
				CLANG_WARN_DEPRECATED_OBJC_IMPLEMENTATIONS = YES;
				CLANG_WARN_DIRECT_OBJC_ISA_USAGE = YES_ERROR;
				CLANG_WARN_DOCUMENTATION_COMMENTS = YES;
				CLANG_WARN_EMPTY_BODY = YES;
				CLANG_WARN_ENUM_CONVERSION = YES;
				CLANG_WARN_INFINITE_RECURSION = YES;
				CLANG_WARN_INT_CONVERSION = YES;
				CLANG_WARN_NON_LITERAL_NULL_CONVERSION = YES;
				CLANG_WARN_OBJC_IMPLICIT_RETAIN_SELF = YES;
				CLANG_WARN_OBJC_LITERAL_CONVERSION = YES;
				CLANG_WARN_OBJC_ROOT_CLASS = YES_ERROR;
				CLANG_WARN_QUOTED_INCLUDE_IN_FRAMEWORK_HEADER = YES;
				CLANG_WARN_RANGE_LOOP_ANALYSIS = YES;
				CLANG_WARN_STRICT_PROTOTYPES = YES;
				CLANG_WARN_SUSPICIOUS_MOVE = YES;
				CLANG_WARN_UNGUARDED_AVAILABILITY = YES_AGGRESSIVE;
				CLANG_WARN_UNREACHABLE_CODE = YES;
				CLANG_WARN__DUPLICATE_METHOD_MATCH = YES;
				COPY_PHASE_STRIP = NO;
				DEBUG_INFORMATION_FORMAT = "dwarf-with-dsym";
				ENABLE_NS_ASSERTIONS = NO;
				ENABLE_STRICT_OBJC_MSGSEND = YES;
				GCC_C_LANGUAGE_STANDARD = gnu11;
				GCC_NO_COMMON_BLOCKS = YES;
				GCC_WARN_64_TO_32_BIT_CONVERSION = YES;
				GCC_WARN_ABOUT_RETURN_TYPE = YES_ERROR;
				GCC_WARN_UNDECLARED_SELECTOR = YES;
				GCC_WARN_UNINITIALIZED_AUTOS = YES_AGGRESSIVE;
				GCC_WARN_UNUSED_FUNCTION = YES;
				GCC_WARN_UNUSED_VARIABLE = YES;
				IPHONEOS_DEPLOYMENT_TARGET = 16.4;
				MTL_ENABLE_DEBUG_INFO = NO;
				MTL_FAST_MATH = YES;
				SDKROOT = iphoneos;
				SWIFT_COMPILATION_MODE = wholemodule;
				SWIFT_OPTIMIZATION_LEVEL = "-O";
				VALIDATE_PRODUCT = YES;
			};
			name = Release;
		};
		6CA473982B71A2ED00471CD2 /* Debug */ = {
			isa = XCBuildConfiguration;
			buildSettings = {
				ASSETCATALOG_COMPILER_APPICON_NAME = AppIcon;
				ASSETCATALOG_COMPILER_GLOBAL_ACCENT_COLOR_NAME = AccentColor;
				CODE_SIGN_STYLE = Automatic;
				CURRENT_PROJECT_VERSION = 1;
				GENERATE_INFOPLIST_FILE = YES;
				INFOPLIST_FILE = TaskListWithRealm/Info.plist;
				INFOPLIST_KEY_UIApplicationSupportsIndirectInputEvents = YES;
				INFOPLIST_KEY_UILaunchStoryboardName = LaunchScreen;
				INFOPLIST_KEY_UIMainStoryboardFile = Main;
				INFOPLIST_KEY_UISupportedInterfaceOrientations_iPad = "UIInterfaceOrientationPortrait UIInterfaceOrientationPortraitUpsideDown UIInterfaceOrientationLandscapeLeft UIInterfaceOrientationLandscapeRight";
				INFOPLIST_KEY_UISupportedInterfaceOrientations_iPhone = "UIInterfaceOrientationPortrait UIInterfaceOrientationLandscapeLeft UIInterfaceOrientationLandscapeRight";
				LD_RUNPATH_SEARCH_PATHS = (
					"$(inherited)",
					"@executable_path/Frameworks",
				);
				MARKETING_VERSION = 1.0;
				PRODUCT_BUNDLE_IDENTIFIER = LiaisanPerfilova.TaskListWithRealm;
				PRODUCT_NAME = "$(TARGET_NAME)";
				SUPPORTED_PLATFORMS = "iphoneos iphonesimulator";
				SUPPORTS_MACCATALYST = NO;
				SUPPORTS_MAC_DESIGNED_FOR_IPHONE_IPAD = NO;
				SWIFT_EMIT_LOC_STRINGS = YES;
				SWIFT_VERSION = 5.0;
				TARGETED_DEVICE_FAMILY = 1;
			};
			name = Debug;
		};
		6CA473992B71A2ED00471CD2 /* Release */ = {
			isa = XCBuildConfiguration;
			buildSettings = {
				ASSETCATALOG_COMPILER_APPICON_NAME = AppIcon;
				ASSETCATALOG_COMPILER_GLOBAL_ACCENT_COLOR_NAME = AccentColor;
				CODE_SIGN_STYLE = Automatic;
				CURRENT_PROJECT_VERSION = 1;
				GENERATE_INFOPLIST_FILE = YES;
				INFOPLIST_FILE = TaskListWithRealm/Info.plist;
				INFOPLIST_KEY_UIApplicationSupportsIndirectInputEvents = YES;
				INFOPLIST_KEY_UILaunchStoryboardName = LaunchScreen;
				INFOPLIST_KEY_UIMainStoryboardFile = Main;
				INFOPLIST_KEY_UISupportedInterfaceOrientations_iPad = "UIInterfaceOrientationPortrait UIInterfaceOrientationPortraitUpsideDown UIInterfaceOrientationLandscapeLeft UIInterfaceOrientationLandscapeRight";
				INFOPLIST_KEY_UISupportedInterfaceOrientations_iPhone = "UIInterfaceOrientationPortrait UIInterfaceOrientationLandscapeLeft UIInterfaceOrientationLandscapeRight";
				LD_RUNPATH_SEARCH_PATHS = (
					"$(inherited)",
					"@executable_path/Frameworks",
				);
				MARKETING_VERSION = 1.0;
				PRODUCT_BUNDLE_IDENTIFIER = LiaisanPerfilova.TaskListWithRealm;
				PRODUCT_NAME = "$(TARGET_NAME)";
				SUPPORTED_PLATFORMS = "iphoneos iphonesimulator";
				SUPPORTS_MACCATALYST = NO;
				SUPPORTS_MAC_DESIGNED_FOR_IPHONE_IPAD = NO;
				SWIFT_EMIT_LOC_STRINGS = YES;
				SWIFT_VERSION = 5.0;
				TARGETED_DEVICE_FAMILY = 1;
			};
			name = Release;
		};
/* End XCBuildConfiguration section */

/* Begin XCConfigurationList section */
		6CA4737B2B71A2EB00471CD2 /* Build configuration list for PBXProject "TaskListWithRealm" */ = {
			isa = XCConfigurationList;
			buildConfigurations = (
				6CA473952B71A2ED00471CD2 /* Debug */,
				6CA473962B71A2ED00471CD2 /* Release */,
			);
			defaultConfigurationIsVisible = 0;
			defaultConfigurationName = Release;
		};
		6CA473972B71A2ED00471CD2 /* Build configuration list for PBXNativeTarget "TaskListWithRealm" */ = {
			isa = XCConfigurationList;
			buildConfigurations = (
				6CA473982B71A2ED00471CD2 /* Debug */,
				6CA473992B71A2ED00471CD2 /* Release */,
			);
			defaultConfigurationIsVisible = 0;
			defaultConfigurationName = Release;
		};
/* End XCConfigurationList section */

/* Begin XCRemoteSwiftPackageReference section */
		6CA4739A2B71A3A300471CD2 /* XCRemoteSwiftPackageReference "realm-swift" */ = {
			isa = XCRemoteSwiftPackageReference;
			repositoryURL = "https://github.com/realm/realm-swift.git";
			requirement = {
				branch = master;
				kind = branch;
			};
		};
/* End XCRemoteSwiftPackageReference section */

/* Begin XCSwiftPackageProductDependency section */
		6CA4739B2B71A3A300471CD2 /* Realm */ = {
			isa = XCSwiftPackageProductDependency;
			package = 6CA4739A2B71A3A300471CD2 /* XCRemoteSwiftPackageReference "realm-swift" */;
			productName = Realm;
		};
		6CA4739D2B71A3A300471CD2 /* RealmSwift */ = {
			isa = XCSwiftPackageProductDependency;
			package = 6CA4739A2B71A3A300471CD2 /* XCRemoteSwiftPackageReference "realm-swift" */;
			productName = RealmSwift;
		};
/* End XCSwiftPackageProductDependency section */

/* Begin XCVersionGroup section */
		6CA4738C2B71A2EB00471CD2 /* TaskListWithRealm.xcdatamodeld */ = {
			isa = XCVersionGroup;
			children = (
				6CA4738D2B71A2EB00471CD2 /* TaskListWithRealm.xcdatamodel */,
			);
			currentVersion = 6CA4738D2B71A2EB00471CD2 /* TaskListWithRealm.xcdatamodel */;
			path = TaskListWithRealm.xcdatamodeld;
			sourceTree = "<group>";
			versionGroupType = wrapper.xcdatamodel;
		};
/* End XCVersionGroup section */
	};
	rootObject = 6CA473782B71A2EB00471CD2 /* Project object */;
}
